
Microsoft Visual Studio Solution File, Format Version 12.00
# Visual Studio Version 16
VisualStudioVersion = 16.0.32228.343
MinimumVisualStudioVersion = 10.0.40219.1
Project("{9A19103F-16F7-4668-BE54-9A1E7A4F7556}") = "EnsekTechincalTest", "EnsekTechincalTest\EnsekTechincalTest.csproj", "{D024B49D-8F9F-4421-879A-3DF925973AE0}"
EndProject
Project("{9A19103F-16F7-4668-BE54-9A1E7A4F7556}") = "EnsekEntities", "EnsekEntities\EnsekEntities.csproj", "{534C4BF3-DA66-4691-80B5-973F9F105F00}"
EndProject
Project("{9A19103F-16F7-4668-BE54-9A1E7A4F7556}") = "MeterReadingClient", "MeterReading\MeterReadingClient.csproj", "{26B2B1F6-780C-4A9C-85CD-834B012BB1D9}"
EndProject
Global
	GlobalSection(SolutionConfigurationPlatforms) = preSolution
		Debug|Any CPU = Debug|Any CPU
		Release|Any CPU = Release|Any CPU
	EndGlobalSection
	GlobalSection(ProjectConfigurationPlatforms) = postSolution
		{D024B49D-8F9F-4421-879A-3DF925973AE0}.Debug|Any CPU.ActiveCfg = Debug|Any CPU
		{D024B49D-8F9F-4421-879A-3DF925973AE0}.Debug|Any CPU.Build.0 = Debug|Any CPU
		{D024B49D-8F9F-4421-879A-3DF925973AE0}.Release|Any CPU.ActiveCfg = Release|Any CPU
		{D024B49D-8F9F-4421-879A-3DF925973AE0}.Release|Any CPU.Build.0 = Release|Any CPU
		{534C4BF3-DA66-4691-80B5-973F9F105F00}.Debug|Any CPU.ActiveCfg = Debug|Any CPU
		{534C4BF3-DA66-4691-80B5-973F9F105F00}.Debug|Any CPU.Build.0 = Debug|Any CPU
		{534C4BF3-DA66-4691-80B5-973F9F105F00}.Release|Any CPU.ActiveCfg = Release|Any CPU
		{534C4BF3-DA66-4691-80B5-973F9F105F00}.Release|Any CPU.Build.0 = Release|Any CPU
		{26B2B1F6-780C-4A9C-85CD-834B012BB1D9}.Debug|Any CPU.ActiveCfg = Debug|Any CPU
		{26B2B1F6-780C-4A9C-85CD-834B012BB1D9}.Debug|Any CPU.Build.0 = Debug|Any CPU
		{26B2B1F6-780C-4A9C-85CD-834B012BB1D9}.Release|Any CPU.ActiveCfg = Release|Any CPU
		{26B2B1F6-780C-4A9C-85CD-834B012BB1D9}.Release|Any CPU.Build.0 = Release|Any CPU
	EndGlobalSection
	GlobalSection(SolutionProperties) = preSolution
		HideSolutionNode = FALSE
	EndGlobalSection
	GlobalSection(ExtensibilityGlobals) = postSolution
		SolutionGuid = {3C3AA23B-9239-4181-946E-2A5BA1F3C944}
	EndGlobalSection
EndGlobal
